
Microsoft Visual Studio Solution File, Format Version 12.00
# Visual Studio Version 16
VisualStudioVersion = 16.0.28922.388
MinimumVisualStudioVersion = 10.0.40219.1
Project("{FAE04EC0-301F-11D3-BF4B-00C04F79EFBC}") = "Clinica", "Clinica.csproj", "{472C0B1D-C7BF-475E-A073-2020442B12F5}"
EndProject
Global
	GlobalSection(SolutionConfigurationPlatforms) = preSolution
		Debug|Any CPU = Debug|Any CPU
		Release|Any CPU = Release|Any CPU
	EndGlobalSection
	GlobalSection(ProjectConfigurationPlatforms) = postSolution
		{472C0B1D-C7BF-475E-A073-2020442B12F5}.Debug|Any CPU.ActiveCfg = Debug|Any CPU
		{472C0B1D-C7BF-475E-A073-2020442B12F5}.Debug|Any CPU.Build.0 = Debug|Any CPU
		{472C0B1D-C7BF-475E-A073-2020442B12F5}.Release|Any CPU.ActiveCfg = Release|Any CPU
		{472C0B1D-C7BF-475E-A073-2020442B12F5}.Release|Any CPU.Build.0 = Release|Any CPU
	EndGlobalSection
	GlobalSection(SolutionProperties) = preSolution
		HideSolutionNode = FALSE
	EndGlobalSection
	GlobalSection(ExtensibilityGlobals) = postSolution
		SolutionGuid = {13AA5130-4AA1-4358-A6F4-A0B30CECEDD0}
	EndGlobalSection
EndGlobal
